// !$*UTF8*$!
{
	archiveVersion = 1;
	classes = {
	};
	objectVersion = 50;
	objects = {

/* Begin PBXBuildFile section */
		8A25BC7525B87F9700AF6617 /* SandwichesApp.swift in Sources */ = {isa = PBXBuildFile; fileRef = 8A25BC6225B87F8F00AF6617 /* SandwichesApp.swift */; };
		8A25BC7625B87F9700AF6617 /* SandwichesApp.swift in Sources */ = {isa = PBXBuildFile; fileRef = 8A25BC6225B87F8F00AF6617 /* SandwichesApp.swift */; };
		8A25BC7725B87F9700AF6617 /* ContentView.swift in Sources */ = {isa = PBXBuildFile; fileRef = 8A25BC6325B87F8F00AF6617 /* ContentView.swift */; };
		8A25BC7825B87F9700AF6617 /* ContentView.swift in Sources */ = {isa = PBXBuildFile; fileRef = 8A25BC6325B87F8F00AF6617 /* ContentView.swift */; };
		8A25BC7925B87F9700AF6617 /* Assets.xcassets in Resources */ = {isa = PBXBuildFile; fileRef = 8A25BC6425B87F9700AF6617 /* Assets.xcassets */; };
		8A25BC7A25B87F9700AF6617 /* Assets.xcassets in Resources */ = {isa = PBXBuildFile; fileRef = 8A25BC6425B87F9700AF6617 /* Assets.xcassets */; };
		8A25BC8725B92C4800AF6617 /* Sandwiches.xcassets in Resources */ = {isa = PBXBuildFile; fileRef = 8A25BC8525B92C4700AF6617 /* Sandwiches.xcassets */; };
		8A25BC8825B92C4800AF6617 /* Sandwiches.xcassets in Resources */ = {isa = PBXBuildFile; fileRef = 8A25BC8525B92C4700AF6617 /* Sandwiches.xcassets */; };
		8A25BC8925B92C4800AF6617 /* Sandwich.swift in Sources */ = {isa = PBXBuildFile; fileRef = 8A25BC8625B92C4700AF6617 /* Sandwich.swift */; };
		8A25BC8A25B92C4800AF6617 /* Sandwich.swift in Sources */ = {isa = PBXBuildFile; fileRef = 8A25BC8625B92C4700AF6617 /* Sandwich.swift */; };
		8A25BC8E25B931B200AF6617 /* SandwichDetail.swift in Sources */ = {isa = PBXBuildFile; fileRef = 8A25BC8D25B931B200AF6617 /* SandwichDetail.swift */; };
		8A25BC8F25B931B200AF6617 /* SandwichDetail.swift in Sources */ = {isa = PBXBuildFile; fileRef = 8A25BC8D25B931B200AF6617 /* SandwichDetail.swift */; };
/* End PBXBuildFile section */

/* Begin PBXFileReference section */
		8A25BC6225B87F8F00AF6617 /* SandwichesApp.swift */ = {isa = PBXFileReference; lastKnownFileType = sourcecode.swift; path = SandwichesApp.swift; sourceTree = "<group>"; };
		8A25BC6325B87F8F00AF6617 /* ContentView.swift */ = {isa = PBXFileReference; lastKnownFileType = sourcecode.swift; path = ContentView.swift; sourceTree = "<group>"; };
		8A25BC6425B87F9700AF6617 /* Assets.xcassets */ = {isa = PBXFileReference; lastKnownFileType = folder.assetcatalog; path = Assets.xcassets; sourceTree = "<group>"; };
		8A25BC6925B87F9700AF6617 /* Sandwiches.app */ = {isa = PBXFileReference; explicitFileType = wrapper.application; includeInIndex = 0; path = Sandwiches.app; sourceTree = BUILT_PRODUCTS_DIR; };
		8A25BC6C25B87F9700AF6617 /* Info.plist */ = {isa = PBXFileReference; lastKnownFileType = text.plist.xml; path = Info.plist; sourceTree = "<group>"; };
		8A25BC7125B87F9700AF6617 /* Sandwiches.app */ = {isa = PBXFileReference; explicitFileType = wrapper.application; includeInIndex = 0; path = Sandwiches.app; sourceTree = BUILT_PRODUCTS_DIR; };
		8A25BC7325B87F9700AF6617 /* Info.plist */ = {isa = PBXFileReference; lastKnownFileType = text.plist.xml; path = Info.plist; sourceTree = "<group>"; };
		8A25BC7425B87F9700AF6617 /* macOS.entitlements */ = {isa = PBXFileReference; lastKnownFileType = text.plist.entitlements; path = macOS.entitlements; sourceTree = "<group>"; };
		8A25BC8525B92C4700AF6617 /* Sandwiches.xcassets */ = {isa = PBXFileReference; lastKnownFileType = folder.assetcatalog; path = Sandwiches.xcassets; sourceTree = "<group>"; };
		8A25BC8625B92C4700AF6617 /* Sandwich.swift */ = {isa = PBXFileReference; fileEncoding = 4; lastKnownFileType = sourcecode.swift; path = Sandwich.swift; sourceTree = "<group>"; };
		8A25BC8D25B931B200AF6617 /* SandwichDetail.swift */ = {isa = PBXFileReference; lastKnownFileType = sourcecode.swift; path = SandwichDetail.swift; sourceTree = "<group>"; };
/* End PBXFileReference section */

/* Begin PBXFrameworksBuildPhase section */
		8A25BC6625B87F9700AF6617 /* Frameworks */ = {
			isa = PBXFrameworksBuildPhase;
			buildActionMask = 2147483647;
			files = (
			);
			runOnlyForDeploymentPostprocessing = 0;
		};
		8A25BC6E25B87F9700AF6617 /* Frameworks */ = {
			isa = PBXFrameworksBuildPhase;
			buildActionMask = 2147483647;
			files = (
			);
			runOnlyForDeploymentPostprocessing = 0;
		};
/* End PBXFrameworksBuildPhase section */

/* Begin PBXGroup section */
		8A25BC5C25B87F8E00AF6617 = {
			isa = PBXGroup;
			children = (
				8A25BC6125B87F8F00AF6617 /* Shared */,
				8A25BC6B25B87F9700AF6617 /* iOS */,
				8A25BC7225B87F9700AF6617 /* macOS */,
				8A25BC6A25B87F9700AF6617 /* Products */,
			);
			sourceTree = "<group>";
		};
		8A25BC6125B87F8F00AF6617 /* Shared */ = {
			isa = PBXGroup;
			children = (
				8A25BC6225B87F8F00AF6617 /* SandwichesApp.swift */,
				8A25BC6325B87F8F00AF6617 /* ContentView.swift */,
				8A25BC8D25B931B200AF6617 /* SandwichDetail.swift */,
				8A25BC8625B92C4700AF6617 /* Sandwich.swift */,
				8A25BC8525B92C4700AF6617 /* Sandwiches.xcassets */,
				8A25BC6425B87F9700AF6617 /* Assets.xcassets */,
			);
			path = Shared;
			sourceTree = "<group>";
		};
		8A25BC6A25B87F9700AF6617 /* Products */ = {
			isa = PBXGroup;
			children = (
				8A25BC6925B87F9700AF6617 /* Sandwiches.app */,
				8A25BC7125B87F9700AF6617 /* Sandwiches.app */,
			);
			name = Products;
			sourceTree = "<group>";
		};
		8A25BC6B25B87F9700AF6617 /* iOS */ = {
			isa = PBXGroup;
			children = (
				8A25BC6C25B87F9700AF6617 /* Info.plist */,
			);
			path = iOS;
			sourceTree = "<group>";
		};
		8A25BC7225B87F9700AF6617 /* macOS */ = {
			isa = PBXGroup;
			children = (
				8A25BC7325B87F9700AF6617 /* Info.plist */,
				8A25BC7425B87F9700AF6617 /* macOS.entitlements */,
			);
			path = macOS;
			sourceTree = "<group>";
		};
/* End PBXGroup section */

/* Begin PBXNativeTarget section */
		8A25BC6825B87F9700AF6617 /* Sandwiches (iOS) */ = {
			isa = PBXNativeTarget;
			buildConfigurationList = 8A25BC7D25B87F9700AF6617 /* Build configuration list for PBXNativeTarget "Sandwiches (iOS)" */;
			buildPhases = (
				8A25BC6525B87F9700AF6617 /* Sources */,
				8A25BC6625B87F9700AF6617 /* Frameworks */,
				8A25BC6725B87F9700AF6617 /* Resources */,
			);
			buildRules = (
			);
			dependencies = (
			);
			name = "Sandwiches (iOS)";
			productName = "Sandwiches (iOS)";
			productReference = 8A25BC6925B87F9700AF6617 /* Sandwiches.app */;
			productType = "com.apple.product-type.application";
		};
		8A25BC7025B87F9700AF6617 /* Sandwiches (macOS) */ = {
			isa = PBXNativeTarget;
			buildConfigurationList = 8A25BC8025B87F9700AF6617 /* Build configuration list for PBXNativeTarget "Sandwiches (macOS)" */;
			buildPhases = (
				8A25BC6D25B87F9700AF6617 /* Sources */,
				8A25BC6E25B87F9700AF6617 /* Frameworks */,
				8A25BC6F25B87F9700AF6617 /* Resources */,
			);
			buildRules = (
			);
			dependencies = (
			);
			name = "Sandwiches (macOS)";
			productName = "Sandwiches (macOS)";
			productReference = 8A25BC7125B87F9700AF6617 /* Sandwiches.app */;
			productType = "com.apple.product-type.application";
		};
/* End PBXNativeTarget section */

/* Begin PBXProject section */
		8A25BC5D25B87F8E00AF6617 /* Project object */ = {
			isa = PBXProject;
			attributes = {
				LastSwiftUpdateCheck = 1230;
				LastUpgradeCheck = 1230;
				TargetAttributes = {
					8A25BC6825B87F9700AF6617 = {
						CreatedOnToolsVersion = 12.3;
					};
					8A25BC7025B87F9700AF6617 = {
						CreatedOnToolsVersion = 12.3;
					};
				};
			};
			buildConfigurationList = 8A25BC6025B87F8E00AF6617 /* Build configuration list for PBXProject "Sandwiches" */;
			compatibilityVersion = "Xcode 9.3";
			developmentRegion = en;
			hasScannedForEncodings = 0;
			knownRegions = (
				en,
				Base,
			);
			mainGroup = 8A25BC5C25B87F8E00AF6617;
			productRefGroup = 8A25BC6A25B87F9700AF6617 /* Products */;
			projectDirPath = "";
			projectRoot = "";
			targets = (
				8A25BC6825B87F9700AF6617 /* Sandwiches (iOS) */,
				8A25BC7025B87F9700AF6617 /* Sandwiches (macOS) */,
			);
		};
/* End PBXProject section */

/* Begin PBXResourcesBuildPhase section */
		8A25BC6725B87F9700AF6617 /* Resources */ = {
			isa = PBXResourcesBuildPhase;
			buildActionMask = 2147483647;
			files = (
				8A25BC8725B92C4800AF6617 /* Sandwiches.xcassets in Resources */,
				8A25BC7925B87F9700AF6617 /* Assets.xcassets in Resources */,
			);
			runOnlyForDeploymentPostprocessing = 0;
		};
		8A25BC6F25B87F9700AF6617 /* Resources */ = {
			isa = PBXResourcesBuildPhase;
			buildActionMask = 2147483647;
			files = (
				8A25BC8825B92C4800AF6617 /* Sandwiches.xcassets in Resources */,
				8A25BC7A25B87F9700AF6617 /* Assets.xcassets in Resources */,
			);
			runOnlyForDeploymentPostprocessing = 0;
		};
/* End PBXResourcesBuildPhase section */

/* Begin PBXSourcesBuildPhase section */
		8A25BC6525B87F9700AF6617 /* Sources */ = {
			isa = PBXSourcesBuildPhase;
			buildActionMask = 2147483647;
			files = (
				8A25BC7725B87F9700AF6617 /* ContentView.swift in Sources */,
				8A25BC7525B87F9700AF6617 /* SandwichesApp.swift in Sources */,
				8A25BC8925B92C4800AF6617 /* Sandwich.swift in Sources */,
				8A25BC8E25B931B200AF6617 /* SandwichDetail.swift in Sources */,
			);
			runOnlyForDeploymentPostprocessing = 0;
		};
		8A25BC6D25B87F9700AF6617 /* Sources */ = {
			isa = PBXSourcesBuildPhase;
			buildActionMask = 2147483647;
			files = (
				8A25BC7825B87F9700AF6617 /* ContentView.swift in Sources */,
				8A25BC7625B87F9700AF6617 /* SandwichesApp.swift in Sources */,
				8A25BC8A25B92C4800AF6617 /* Sandwich.swift in Sources */,
				8A25BC8F25B931B200AF6617 /* SandwichDetail.swift in Sources */,
			);
			runOnlyForDeploymentPostprocessing = 0;
		};
/* End PBXSourcesBuildPhase section */

/* Begin XCBuildConfiguration section */
		8A25BC7B25B87F9700AF6617 /* Debug */ = {
			isa = XCBuildConfiguration;
			buildSettings = {
				ALWAYS_SEARCH_USER_PATHS = NO;
				CLANG_ANALYZER_NONNULL = YES;
				CLANG_ANALYZER_NUMBER_OBJECT_CONVERSION = YES_AGGRESSIVE;
				CLANG_CXX_LANGUAGE_STANDARD = "gnu++14";
				CLANG_CXX_LIBRARY = "libc++";
				CLANG_ENABLE_MODULES = YES;
				CLANG_ENABLE_OBJC_ARC = YES;
				CLANG_ENABLE_OBJC_WEAK = YES;
				CLANG_WARN_BLOCK_CAPTURE_AUTORELEASING = YES;
				CLANG_WARN_BOOL_CONVERSION = YES;
				CLANG_WARN_COMMA = YES;
				CLANG_WARN_CONSTANT_CONVERSION = YES;
				CLANG_WARN_DEPRECATED_OBJC_IMPLEMENTATIONS = YES;
				CLANG_WARN_DIRECT_OBJC_ISA_USAGE = YES_ERROR;
				CLANG_WARN_DOCUMENTATION_COMMENTS = YES;
				CLANG_WARN_EMPTY_BODY = YES;
				CLANG_WARN_ENUM_CONVERSION = YES;
				CLANG_WARN_INFINITE_RECURSION = YES;
				CLANG_WARN_INT_CONVERSION = YES;
				CLANG_WARN_NON_LITERAL_NULL_CONVERSION = YES;
				CLANG_WARN_OBJC_IMPLICIT_RETAIN_SELF = YES;
				CLANG_WARN_OBJC_LITERAL_CONVERSION = YES;
				CLANG_WARN_OBJC_ROOT_CLASS = YES_ERROR;
				CLANG_WARN_QUOTED_INCLUDE_IN_FRAMEWORK_HEADER = YES;
				CLANG_WARN_RANGE_LOOP_ANALYSIS = YES;
				CLANG_WARN_STRICT_PROTOTYPES = YES;
				CLANG_WARN_SUSPICIOUS_MOVE = YES;
				CLANG_WARN_UNGUARDED_AVAILABILITY = YES_AGGRESSIVE;
				CLANG_WARN_UNREACHABLE_CODE = YES;
				CLANG_WARN__DUPLICATE_METHOD_MATCH = YES;
				COPY_PHASE_STRIP = NO;
				DEBUG_INFORMATION_FORMAT = dwarf;
				ENABLE_STRICT_OBJC_MSGSEND = YES;
				ENABLE_TESTABILITY = YES;
				GCC_C_LANGUAGE_STANDARD = gnu11;
				GCC_DYNAMIC_NO_PIC = NO;
				GCC_NO_COMMON_BLOCKS = YES;
				GCC_OPTIMIZATION_LEVEL = 0;
				GCC_PREPROCESSOR_DEFINITIONS = (
					"DEBUG=1",
					"$(inherited)",
				);
				GCC_WARN_64_TO_32_BIT_CONVERSION = YES;
				GCC_WARN_ABOUT_RETURN_TYPE = YES_ERROR;
				GCC_WARN_UNDECLARED_SELECTOR = YES;
				GCC_WARN_UNINITIALIZED_AUTOS = YES_AGGRESSIVE;
				GCC_WARN_UNUSED_FUNCTION = YES;
				GCC_WARN_UNUSED_VARIABLE = YES;
				MTL_ENABLE_DEBUG_INFO = INCLUDE_SOURCE;
				MTL_FAST_MATH = YES;
				ONLY_ACTIVE_ARCH = YES;
				SWIFT_ACTIVE_COMPILATION_CONDITIONS = DEBUG;
				SWIFT_OPTIMIZATION_LEVEL = "-Onone";
			};
			name = Debug;
		};
		8A25BC7C25B87F9700AF6617 /* Release */ = {
			isa = XCBuildConfiguration;
			buildSettings = {
				ALWAYS_SEARCH_USER_PATHS = NO;
				CLANG_ANALYZER_NONNULL = YES;
				CLANG_ANALYZER_NUMBER_OBJECT_CONVERSION = YES_AGGRESSIVE;
				CLANG_CXX_LANGUAGE_STANDARD = "gnu++14";
				CLANG_CXX_LIBRARY = "libc++";
				CLANG_ENABLE_MODULES = YES;
				CLANG_ENABLE_OBJC_ARC = YES;
				CLANG_ENABLE_OBJC_WEAK = YES;
				CLANG_WARN_BLOCK_CAPTURE_AUTORELEASING = YES;
				CLANG_WARN_BOOL_CONVERSION = YES;
				CLANG_WARN_COMMA = YES;
				CLANG_WARN_CONSTANT_CONVERSION = YES;
				CLANG_WARN_DEPRECATED_OBJC_IMPLEMENTATIONS = YES;
				CLANG_WARN_DIRECT_OBJC_ISA_USAGE = YES_ERROR;
				CLANG_WARN_DOCUMENTATION_COMMENTS = YES;
				CLANG_WARN_EMPTY_BODY = YES;
				CLANG_WARN_ENUM_CONVERSION = YES;
				CLANG_WARN_INFINITE_RECURSION = YES;
				CLANG_WARN_INT_CONVERSION = YES;
				CLANG_WARN_NON_LITERAL_NULL_CONVERSION = YES;
				CLANG_WARN_OBJC_IMPLICIT_RETAIN_SELF = YES;
				CLANG_WARN_OBJC_LITERAL_CONVERSION = YES;
				CLANG_WARN_OBJC_ROOT_CLASS = YES_ERROR;
				CLANG_WARN_QUOTED_INCLUDE_IN_FRAMEWORK_HEADER = YES;
				CLANG_WARN_RANGE_LOOP_ANALYSIS = YES;
				CLANG_WARN_STRICT_PROTOTYPES = YES;
				CLANG_WARN_SUSPICIOUS_MOVE = YES;
				CLANG_WARN_UNGUARDED_AVAILABILITY = YES_AGGRESSIVE;
				CLANG_WARN_UNREACHABLE_CODE = YES;
				CLANG_WARN__DUPLICATE_METHOD_MATCH = YES;
				COPY_PHASE_STRIP = NO;
				DEBUG_INFORMATION_FORMAT = "dwarf-with-dsym";
				ENABLE_NS_ASSERTIONS = NO;
				ENABLE_STRICT_OBJC_MSGSEND = YES;
				GCC_C_LANGUAGE_STANDARD = gnu11;
				GCC_NO_COMMON_BLOCKS = YES;
				GCC_WARN_64_TO_32_BIT_CONVERSION = YES;
				GCC_WARN_ABOUT_RETURN_TYPE = YES_ERROR;
				GCC_WARN_UNDECLARED_SELECTOR = YES;
				GCC_WARN_UNINITIALIZED_AUTOS = YES_AGGRESSIVE;
				GCC_WARN_UNUSED_FUNCTION = YES;
				GCC_WARN_UNUSED_VARIABLE = YES;
				MTL_ENABLE_DEBUG_INFO = NO;
				MTL_FAST_MATH = YES;
				SWIFT_COMPILATION_MODE = wholemodule;
				SWIFT_OPTIMIZATION_LEVEL = "-O";
			};
			name = Release;
		};
		8A25BC7E25B87F9700AF6617 /* Debug */ = {
			isa = XCBuildConfiguration;
			buildSettings = {
				ASSETCATALOG_COMPILER_APPICON_NAME = AppIcon;
				ASSETCATALOG_COMPILER_GLOBAL_ACCENT_COLOR_NAME = AccentColor;
				CODE_SIGN_STYLE = Automatic;
				DEVELOPMENT_TEAM = ZXWBUY9FJ7;
				ENABLE_PREVIEWS = YES;
				INFOPLIST_FILE = iOS/Info.plist;
				IPHONEOS_DEPLOYMENT_TARGET = 14.0;
				LD_RUNPATH_SEARCH_PATHS = (
					"$(inherited)",
					"@executable_path/Frameworks",
				);
				PRODUCT_BUNDLE_IDENTIFIER = ca.wu.james.Sandwiches;
				PRODUCT_NAME = Sandwiches;
				SDKROOT = iphoneos;
				SWIFT_VERSION = 5.0;
				TARGETED_DEVICE_FAMILY = "1,2";
			};
			name = Debug;
		};
		8A25BC7F25B87F9700AF6617 /* Release */ = {
			isa = XCBuildConfiguration;
			buildSettings = {
				ASSETCATALOG_COMPILER_APPICON_NAME = AppIcon;
				ASSETCATALOG_COMPILER_GLOBAL_ACCENT_COLOR_NAME = AccentColor;
				CODE_SIGN_STYLE = Automatic;
				DEVELOPMENT_TEAM = ZXWBUY9FJ7;
				ENABLE_PREVIEWS = YES;
				INFOPLIST_FILE = iOS/Info.plist;
				IPHONEOS_DEPLOYMENT_TARGET = 14.0;
				LD_RUNPATH_SEARCH_PATHS = (
					"$(inherited)",
					"@executable_path/Frameworks",
				);
				PRODUCT_BUNDLE_IDENTIFIER = ca.wu.james.Sandwiches;
				PRODUCT_NAME = Sandwiches;
				SDKROOT = iphoneos;
				SWIFT_VERSION = 5.0;
				TARGETED_DEVICE_FAMILY = "1,2";
				VALIDATE_PRODUCT = YES;
			};
			name = Release;
		};
		8A25BC8125B87F9700AF6617 /* Debug */ = {
			isa = XCBuildConfiguration;
			buildSettings = {
				ASSETCATALOG_COMPILER_APPICON_NAME = AppIcon;
				ASSETCATALOG_COMPILER_GLOBAL_ACCENT_COLOR_NAME = AccentColor;
				CODE_SIGN_ENTITLEMENTS = macOS/macOS.entitlements;
				CODE_SIGN_STYLE = Automatic;
				COMBINE_HIDPI_IMAGES = YES;
				DEVELOPMENT_TEAM = ZXWBUY9FJ7;
				ENABLE_HARDENED_RUNTIME = YES;
				ENABLE_PREVIEWS = YES;
				INFOPLIST_FILE = macOS/Info.plist;
				LD_RUNPATH_SEARCH_PATHS = (
					"$(inherited)",
					"@executable_path/../Frameworks",
				);
				MACOSX_DEPLOYMENT_TARGET = 11.0;
				PRODUCT_BUNDLE_IDENTIFIER = ca.wu.james.Sandwiches;
				PRODUCT_NAME = Sandwiches;
				SDKROOT = macosx;
				SWIFT_VERSION = 5.0;
			};
			name = Debug;
		};
		8A25BC8225B87F9700AF6617 /* Release */ = {
			isa = XCBuildConfiguration;
			buildSettings = {
				ASSETCATALOG_COMPILER_APPICON_NAME = AppIcon;
				ASSETCATALOG_COMPILER_GLOBAL_ACCENT_COLOR_NAME = AccentColor;
				CODE_SIGN_ENTITLEMENTS = macOS/macOS.entitlements;
				CODE_SIGN_STYLE = Automatic;
				COMBINE_HIDPI_IMAGES = YES;
				DEVELOPMENT_TEAM = ZXWBUY9FJ7;
				ENABLE_HARDENED_RUNTIME = YES;
				ENABLE_PREVIEWS = YES;
				INFOPLIST_FILE = macOS/Info.plist;
				LD_RUNPATH_SEARCH_PATHS = (
					"$(inherited)",
					"@executable_path/../Frameworks",
				);
				MACOSX_DEPLOYMENT_TARGET = 11.0;
				PRODUCT_BUNDLE_IDENTIFIER = ca.wu.james.Sandwiches;
				PRODUCT_NAME = Sandwiches;
				SDKROOT = macosx;
				SWIFT_VERSION = 5.0;
			};
			name = Release;
		};
/* End XCBuildConfiguration section */

/* Begin XCConfigurationList section */
		8A25BC6025B87F8E00AF6617 /* Build configuration list for PBXProject "Sandwiches" */ = {
			isa = XCConfigurationList;
			buildConfigurations = (
				8A25BC7B25B87F9700AF6617 /* Debug */,
				8A25BC7C25B87F9700AF6617 /* Release */,
			);
			defaultConfigurationIsVisible = 0;
			defaultConfigurationName = Release;
		};
		8A25BC7D25B87F9700AF6617 /* Build configuration list for PBXNativeTarget "Sandwiches (iOS)" */ = {
			isa = XCConfigurationList;
			buildConfigurations = (
				8A25BC7E25B87F9700AF6617 /* Debug */,
				8A25BC7F25B87F9700AF6617 /* Release */,
			);
			defaultConfigurationIsVisible = 0;
			defaultConfigurationName = Release;
		};
		8A25BC8025B87F9700AF6617 /* Build configuration list for PBXNativeTarget "Sandwiches (macOS)" */ = {
			isa = XCConfigurationList;
			buildConfigurations = (
				8A25BC8125B87F9700AF6617 /* Debug */,
				8A25BC8225B87F9700AF6617 /* Release */,
			);
			defaultConfigurationIsVisible = 0;
			defaultConfigurationName = Release;
		};
/* End XCConfigurationList section */
	};
	rootObject = 8A25BC5D25B87F8E00AF6617 /* Project object */;
}
